
Microsoft Visual Studio Solution File, Format Version 12.00
# Visual Studio 14
VisualStudioVersion = 14.0.23107.0
MinimumVisualStudioVersion = 10.0.40219.1
Project("{FAE04EC0-301F-11D3-BF4B-00C04F79EFBC}") = "Web", "Web\Web.csproj", "{DF7A7809-5DB6-4816-9B7C-029219217D38}"
EndProject
Project("{FAE04EC0-301F-11D3-BF4B-00C04F79EFBC}") = "Domain.ReadStack", "Domain.ReadStack\Domain.ReadStack.csproj", "{2BE618BD-FCAB-4ACD-A9F7-1F2CDAE4A6FB}"
EndProject
Project("{FAE04EC0-301F-11D3-BF4B-00C04F79EFBC}") = "Domain", "Domain\Domain.csproj", "{200D1189-9F84-4108-8C7E-C41387DA5011}"
EndProject
Project("{FAE04EC0-301F-11D3-BF4B-00C04F79EFBC}") = "Domain.Persistence", "Domain.Persistence\Domain.Persistence.csproj", "{D3D09062-7EAC-4A96-849E-AB0C1326F33B}"
EndProject
Project("{FAE04EC0-301F-11D3-BF4B-00C04F79EFBC}") = "Domain.CommandStack", "Domain.CommandStack\Domain.CommandStack.csproj", "{AC2C11FB-FEE0-4298-8DD8-BA15D1EC5B1B}"
EndProject
Project("{FAE04EC0-301F-11D3-BF4B-00C04F79EFBC}") = "BusDemo", "BusDemo\BusDemo.csproj", "{935A9A85-A60C-4DC3-990E-85E2F2DE57F0}"
EndProject
Project("{FAE04EC0-301F-11D3-BF4B-00C04F79EFBC}") = "Domain.Infrastructure", "Domain.Infrastructure\Domain.Infrastructure.csproj", "{836582F7-D145-4AD9-91E6-8538EA7F04BF}"
EndProject
Global
	GlobalSection(SolutionConfigurationPlatforms) = preSolution
		Debug|Any CPU = Debug|Any CPU
		Release|Any CPU = Release|Any CPU
	EndGlobalSection
	GlobalSection(ProjectConfigurationPlatforms) = postSolution
		{DF7A7809-5DB6-4816-9B7C-029219217D38}.Debug|Any CPU.ActiveCfg = Debug|Any CPU
		{DF7A7809-5DB6-4816-9B7C-029219217D38}.Debug|Any CPU.Build.0 = Debug|Any CPU
		{DF7A7809-5DB6-4816-9B7C-029219217D38}.Release|Any CPU.ActiveCfg = Release|Any CPU
		{DF7A7809-5DB6-4816-9B7C-029219217D38}.Release|Any CPU.Build.0 = Release|Any CPU
		{2BE618BD-FCAB-4ACD-A9F7-1F2CDAE4A6FB}.Debug|Any CPU.ActiveCfg = Debug|Any CPU
		{2BE618BD-FCAB-4ACD-A9F7-1F2CDAE4A6FB}.Debug|Any CPU.Build.0 = Debug|Any CPU
		{2BE618BD-FCAB-4ACD-A9F7-1F2CDAE4A6FB}.Release|Any CPU.ActiveCfg = Release|Any CPU
		{2BE618BD-FCAB-4ACD-A9F7-1F2CDAE4A6FB}.Release|Any CPU.Build.0 = Release|Any CPU
		{200D1189-9F84-4108-8C7E-C41387DA5011}.Debug|Any CPU.ActiveCfg = Debug|Any CPU
		{200D1189-9F84-4108-8C7E-C41387DA5011}.Debug|Any CPU.Build.0 = Debug|Any CPU
		{200D1189-9F84-4108-8C7E-C41387DA5011}.Release|Any CPU.ActiveCfg = Release|Any CPU
		{200D1189-9F84-4108-8C7E-C41387DA5011}.Release|Any CPU.Build.0 = Release|Any CPU
		{D3D09062-7EAC-4A96-849E-AB0C1326F33B}.Debug|Any CPU.ActiveCfg = Debug|Any CPU
		{D3D09062-7EAC-4A96-849E-AB0C1326F33B}.Debug|Any CPU.Build.0 = Debug|Any CPU
		{D3D09062-7EAC-4A96-849E-AB0C1326F33B}.Release|Any CPU.ActiveCfg = Release|Any CPU
		{D3D09062-7EAC-4A96-849E-AB0C1326F33B}.Release|Any CPU.Build.0 = Release|Any CPU
		{AC2C11FB-FEE0-4298-8DD8-BA15D1EC5B1B}.Debug|Any CPU.ActiveCfg = Debug|Any CPU
		{AC2C11FB-FEE0-4298-8DD8-BA15D1EC5B1B}.Debug|Any CPU.Build.0 = Debug|Any CPU
		{AC2C11FB-FEE0-4298-8DD8-BA15D1EC5B1B}.Release|Any CPU.ActiveCfg = Release|Any CPU
		{AC2C11FB-FEE0-4298-8DD8-BA15D1EC5B1B}.Release|Any CPU.Build.0 = Release|Any CPU
		{935A9A85-A60C-4DC3-990E-85E2F2DE57F0}.Debug|Any CPU.ActiveCfg = Debug|Any CPU
		{935A9A85-A60C-4DC3-990E-85E2F2DE57F0}.Debug|Any CPU.Build.0 = Debug|Any CPU
		{935A9A85-A60C-4DC3-990E-85E2F2DE57F0}.Release|Any CPU.ActiveCfg = Release|Any CPU
		{935A9A85-A60C-4DC3-990E-85E2F2DE57F0}.Release|Any CPU.Build.0 = Release|Any CPU
		{836582F7-D145-4AD9-91E6-8538EA7F04BF}.Debug|Any CPU.ActiveCfg = Debug|Any CPU
		{836582F7-D145-4AD9-91E6-8538EA7F04BF}.Debug|Any CPU.Build.0 = Debug|Any CPU
		{836582F7-D145-4AD9-91E6-8538EA7F04BF}.Release|Any CPU.ActiveCfg = Release|Any CPU
		{836582F7-D145-4AD9-91E6-8538EA7F04BF}.Release|Any CPU.Build.0 = Release|Any CPU
	EndGlobalSection
	GlobalSection(SolutionProperties) = preSolution
		HideSolutionNode = FALSE
	EndGlobalSection
EndGlobal
